
Microsoft Visual Studio Solution File, Format Version 12.00
# Visual Studio Version 16
VisualStudioVersion = 16.0.30011.22
MinimumVisualStudioVersion = 10.0.40219.1
Project("{FAE04EC0-301F-11D3-BF4B-00C04F79EFBC}") = "ReplaceText", "ReplaceText\ReplaceText.csproj", "{964CFA63-8B92-4F6A-9F36-87C2920723CB}"
EndProject
Global
	GlobalSection(SolutionConfigurationPlatforms) = preSolution
		Debug|Any CPU = Debug|Any CPU
		Release|Any CPU = Release|Any CPU
	EndGlobalSection
	GlobalSection(ProjectConfigurationPlatforms) = postSolution
		{964CFA63-8B92-4F6A-9F36-87C2920723CB}.Debug|Any CPU.ActiveCfg = Debug|Any CPU
		{964CFA63-8B92-4F6A-9F36-87C2920723CB}.Debug|Any CPU.Build.0 = Debug|Any CPU
		{964CFA63-8B92-4F6A-9F36-87C2920723CB}.Release|Any CPU.ActiveCfg = Release|Any CPU
		{964CFA63-8B92-4F6A-9F36-87C2920723CB}.Release|Any CPU.Build.0 = Release|Any CPU
	EndGlobalSection
	GlobalSection(SolutionProperties) = preSolution
		HideSolutionNode = FALSE
	EndGlobalSection
	GlobalSection(ExtensibilityGlobals) = postSolution
		SolutionGuid = {FB2DCD45-485D-4D60-B071-1BFBDFEB15E9}
	EndGlobalSection
EndGlobal
